
Microsoft Visual Studio Solution File, Format Version 12.00
# Visual Studio Version 17
VisualStudioVersion = 17.2.32616.157
MinimumVisualStudioVersion = 10.0.40219.1
Project("{FAE04EC0-301F-11D3-BF4B-00C04F79EFBC}") = "WTranslate", "WTranslate.csproj", "{94957469-C3A1-4629-AB30-55689FD31E3C}"
EndProject
Global
	GlobalSection(SolutionConfigurationPlatforms) = preSolution
		Debug|Any CPU = Debug|Any CPU
		Release|Any CPU = Release|Any CPU
	EndGlobalSection
	GlobalSection(ProjectConfigurationPlatforms) = postSolution
		{94957469-C3A1-4629-AB30-55689FD31E3C}.Debug|Any CPU.ActiveCfg = Debug|Any CPU
		{94957469-C3A1-4629-AB30-55689FD31E3C}.Debug|Any CPU.Build.0 = Debug|Any CPU
		{94957469-C3A1-4629-AB30-55689FD31E3C}.Release|Any CPU.ActiveCfg = Release|Any CPU
		{94957469-C3A1-4629-AB30-55689FD31E3C}.Release|Any CPU.Build.0 = Release|Any CPU
	EndGlobalSection
	GlobalSection(SolutionProperties) = preSolution
		HideSolutionNode = FALSE
	EndGlobalSection
	GlobalSection(ExtensibilityGlobals) = postSolution
		SolutionGuid = {5F761ED4-DFBB-4F39-B3F2-24C08F57BCC8}
	EndGlobalSection
EndGlobal
